<?xml version="1.0" encoding="utf-8"?>
<Project ToolsVersion="4.0" xmlns="http://schemas.microsoft.com/developer/msbuild/2003">
  <ItemGroup>
    <Filter Include="ヘッダー ファイル">
      <UniqueIdentifier>{93995380-89BD-4b04-88EB-625FBE52EBFB}</UniqueIdentifier>
      <Extensions>h;hh;hpp;hxx;hm;inl;inc;xsd</Extensions>
    </Filter>
    <Filter Include="リソース ファイル">
      <UniqueIdentifier>{67DA6AB6-F800-4c08-8B7A-83BB121AAD01}</UniqueIdentifier>
      <Extensions>rc;ico;cur;bmp;dlg;rc2;rct;bin;rgs;gif;jpg;jpeg;jpe;resx;tiff;tif;png;wav;mfcribbon-ms</Extensions>
    </Filter>
    <Filter Include="ソース ファイル">
      <UniqueIdentifier>{4FC737F1-C7A5-4376-A066-2A32D752A2FF}</UniqueIdentifier>
      <Extensions>cpp;c;cc;cxx;def;odl;idl;hpj;bat;asm;asmx</Extensions>
    </Filter>
    <Filter Include="ソース ファイル\ENEMY">
      <UniqueIdentifier>{6851068b-7d46-4084-ba16-03bd31baecb9}</UniqueIdentifier>
    </Filter>
    <Filter Include="ソース ファイル\PLAYER">
      <UniqueIdentifier>{de247651-37d5-46a3-b9bd-19e15ea3aace}</UniqueIdentifier>
    </Filter>
    <Filter Include="ソース ファイル\GAMESCENE">
      <UniqueIdentifier>{15ac6da1-81cb-44fe-9b50-4570447014d9}</UniqueIdentifier>
    </Filter>
    <Filter Include="ヘッダー ファイル\ENEMY">
      <UniqueIdentifier>{9cf03b14-9468-473d-af85-ef5d059f2190}</UniqueIdentifier>
    </Filter>
    <Filter Include="ヘッダー ファイル\PLAYER">
      <UniqueIdentifier>{39743d4f-5cd7-47f7-b7ff-a5405348635e}</UniqueIdentifier>
    </Filter>
    <Filter Include="ヘッダー ファイル\GAMESCENE">
      <UniqueIdentifier>{9ee402fc-3b9d-439a-9fad-efc5697002bc}</UniqueIdentifier>
    </Filter>
    <Filter Include="ヘッダー ファイル\GIMMICK">
      <UniqueIdentifier>{646b1198-6a82-4631-aac1-2dab715eac77}</UniqueIdentifier>
    </Filter>
    <Filter Include="ソース ファイル\GIMMICK">
      <UniqueIdentifier>{f942e6c1-6b98-4588-89ba-2f779de8dd2e}</UniqueIdentifier>
    </Filter>
  </ItemGroup>
  <ItemGroup>
    <ClCompile Include="Main.cpp">
      <Filter>ソース ファイル</Filter>
    </ClCompile>
    <ClCompile Include="Enemy\EnemyControl.cpp">
      <Filter>ソース ファイル\ENEMY</Filter>
    </ClCompile>
    <ClCompile Include="Enemy\EnemyDraw.cpp">
      <Filter>ソース ファイル\ENEMY</Filter>
    </ClCompile>
    <ClCompile Include="Gmmick\FlameGmmick.cpp">
      <Filter>ソース ファイル\GIMMICK</Filter>
    </ClCompile>
    <ClCompile Include="GameScene\GameSceneControl.cpp">
      <Filter>ソース ファイル\GAMESCENE</Filter>
    </ClCompile>
    <ClCompile Include="GameScene\GameSceneDraw.cpp">
      <Filter>ソース ファイル\GAMESCENE</Filter>
    </ClCompile>
    <ClCompile Include="GameScene\GameSceneInit.cpp">
      <Filter>ソース ファイル\GAMESCENE</Filter>
    </ClCompile>
    <ClCompile Include="Gmmick\IceGmmick.cpp">
      <Filter>ソース ファイル\GIMMICK</Filter>
    </ClCompile>
    <ClCompile Include="Player\PlayerControl.cpp">
      <Filter>ソース ファイル\PLAYER</Filter>
    </ClCompile>
    <ClCompile Include="Gmmick\WindGmmick.cpp">
      <Filter>ソース ファイル\GIMMICK</Filter>
    </ClCompile>
    <ClCompile Include="Player\PlayerDraw.cpp">
      <Filter>ソース ファイル\PLAYER</Filter>
    </ClCompile>
  </ItemGroup>
  <ItemGroup>
    <ClInclude Include="Enemy\EnemyControl.h">
      <Filter>ヘッダー ファイル\ENEMY</Filter>
    </ClInclude>
    <ClInclude Include="Enemy\EnemyDraw.h">
      <Filter>ヘッダー ファイル\ENEMY</Filter>
    </ClInclude>
    <ClInclude Include="Gmmick\FlameGmmick.h">
      <Filter>ヘッダー ファイル\GIMMICK</Filter>
    </ClInclude>
    <ClInclude Include="GameScene\GameSceneControl.h">
      <Filter>ヘッダー ファイル\GAMESCENE</Filter>
    </ClInclude>
    <ClInclude Include="GameScene\GameSceneDraw.h">
      <Filter>ヘッダー ファイル\GAMESCENE</Filter>
    </ClInclude>
    <ClInclude Include="GameScene\GameSceneInit.h">
      <Filter>ヘッダー ファイル\GAMESCENE</Filter>
    </ClInclude>
    <ClInclude Include="Gmmick\IceGmmick.h">
      <Filter>ヘッダー ファイル\GIMMICK</Filter>
    </ClInclude>
    <ClInclude Include="Player\PlayerControl.h">
      <Filter>ヘッダー ファイル\PLAYER</Filter>
    </ClInclude>
    <ClInclude Include="Player\PlayerDraw.h">
      <Filter>ヘッダー ファイル\PLAYER</Filter>
    </ClInclude>
    <ClInclude Include="Gmmick\WindGmmick.h">
      <Filter>ヘッダー ファイル\GIMMICK</Filter>
    </ClInclude>
  </ItemGroup>
</Project>