<?xml version="1.0" encoding="utf-8"?>
<Project ToolsVersion="4.0" xmlns="http://schemas.microsoft.com/developer/msbuild/2003">
  <ItemGroup>
    <Filter Include="ヘッダー ファイル">
      <UniqueIdentifier>{93995380-89BD-4b04-88EB-625FBE52EBFB}</UniqueIdentifier>
      <Extensions>h;hh;hpp;hxx;hm;inl;inc;xsd</Extensions>
    </Filter>
    <Filter Include="リソース ファイル">
      <UniqueIdentifier>{67DA6AB6-F800-4c08-8B7A-83BB121AAD01}</UniqueIdentifier>
      <Extensions>rc;ico;cur;bmp;dlg;rc2;rct;bin;rgs;gif;jpg;jpeg;jpe;resx;tiff;tif;png;wav;mfcribbon-ms</Extensions>
    </Filter>
    <Filter Include="ソース ファイル">
      <UniqueIdentifier>{4FC737F1-C7A5-4376-A066-2A32D752A2FF}</UniqueIdentifier>
      <Extensions>cpp;c;cc;cxx;def;odl;idl;hpj;bat;asm;asmx</Extensions>
    </Filter>
    <Filter Include="ソース ファイル\ENEMY">
      <UniqueIdentifier>{57ae8b48-89fc-4ce7-b2bd-7007479fb07f}</UniqueIdentifier>
    </Filter>
    <Filter Include="ソース ファイル\GAMESCENE">
      <UniqueIdentifier>{bb3d8dc6-7e7e-4458-a093-3e08f9ea0ba2}</UniqueIdentifier>
    </Filter>
    <Filter Include="ソース ファイル\GMMICK">
      <UniqueIdentifier>{77d2b00b-bbdd-4b4e-8ecc-049f0c1bcd61}</UniqueIdentifier>
    </Filter>
    <Filter Include="ソース ファイル\PLAYER">
      <UniqueIdentifier>{b0dbf5dd-a86d-4ef4-a4ea-f51e446e44f3}</UniqueIdentifier>
    </Filter>
    <Filter Include="ヘッダー ファイル\ENEMY">
      <UniqueIdentifier>{f621cb01-b44f-4def-b602-5fe17f2cb87c}</UniqueIdentifier>
    </Filter>
    <Filter Include="ヘッダー ファイル\GAMESCENE">
      <UniqueIdentifier>{f0a186c8-7bac-4176-af6a-037d91ba9ad6}</UniqueIdentifier>
    </Filter>
    <Filter Include="ヘッダー ファイル\GMMICK">
      <UniqueIdentifier>{8e5f5a81-a2e1-466b-acc5-f7d96677d2ad}</UniqueIdentifier>
    </Filter>
    <Filter Include="ヘッダー ファイル\PLAYER">
      <UniqueIdentifier>{8040d8b1-c427-4110-baca-cd9c04e2f56b}</UniqueIdentifier>
    </Filter>
  </ItemGroup>
  <ItemGroup>
    <ClCompile Include="PlayerDraw.cpp">
      <Filter>ソース ファイル\PLAYER</Filter>
    </ClCompile>
    <ClCompile Include="PlayerControl.cpp">
      <Filter>ソース ファイル\PLAYER</Filter>
    </ClCompile>
    <ClCompile Include="Main.cpp">
      <Filter>ソース ファイル</Filter>
    </ClCompile>
    <ClCompile Include="EnemyDraw.cpp">
      <Filter>ソース ファイル\ENEMY</Filter>
    </ClCompile>
    <ClCompile Include="EnemyControl.cpp">
      <Filter>ソース ファイル\ENEMY</Filter>
    </ClCompile>
    <ClCompile Include="FlameGmmick.cpp">
      <Filter>ソース ファイル\GMMICK</Filter>
    </ClCompile>
    <ClCompile Include="IceGmmick.cpp">
      <Filter>ソース ファイル\GMMICK</Filter>
    </ClCompile>
    <ClCompile Include="WindGmmick.cpp">
      <Filter>ソース ファイル\GMMICK</Filter>
    </ClCompile>
    <ClCompile Include="GameSceneInit.cpp">
      <Filter>ソース ファイル\GAMESCENE</Filter>
    </ClCompile>
    <ClCompile Include="GameSceneDraw.cpp">
      <Filter>ソース ファイル\GAMESCENE</Filter>
    </ClCompile>
    <ClCompile Include="GameSceneControl.cpp">
      <Filter>ソース ファイル\GAMESCENE</Filter>
    </ClCompile>
  </ItemGroup>
  <ItemGroup>
    <ClInclude Include="PlayerDraw.h">
      <Filter>ヘッダー ファイル\PLAYER</Filter>
    </ClInclude>
    <ClInclude Include="PlayerControl.h">
      <Filter>ヘッダー ファイル\PLAYER</Filter>
    </ClInclude>
    <ClInclude Include="EnemyControl.h">
      <Filter>ヘッダー ファイル\ENEMY</Filter>
    </ClInclude>
    <ClInclude Include="EnemyDraw.h">
      <Filter>ヘッダー ファイル\ENEMY</Filter>
    </ClInclude>
    <ClInclude Include="FlameGmmick.h">
      <Filter>ヘッダー ファイル\GMMICK</Filter>
    </ClInclude>
    <ClInclude Include="IceGmmick.h">
      <Filter>ヘッダー ファイル\GMMICK</Filter>
    </ClInclude>
    <ClInclude Include="WindGmmick.h">
      <Filter>ヘッダー ファイル\GMMICK</Filter>
    </ClInclude>
    <ClInclude Include="GameSceneControl.h">
      <Filter>ヘッダー ファイル\GAMESCENE</Filter>
    </ClInclude>
    <ClInclude Include="GameSceneDraw.h">
      <Filter>ヘッダー ファイル\GAMESCENE</Filter>
    </ClInclude>
    <ClInclude Include="GameSceneInit.h">
      <Filter>ヘッダー ファイル\GAMESCENE</Filter>
    </ClInclude>
  </ItemGroup>
</Project>