<?xml version="1.0" encoding="utf-8"?>
<Project ToolsVersion="4.0" xmlns="http://schemas.microsoft.com/developer/msbuild/2003">
  <ItemGroup>
    <Filter Include="ソース ファイル">
      <UniqueIdentifier>{4FC737F1-C7A5-4376-A066-2A32D752A2FF}</UniqueIdentifier>
      <Extensions>cpp;c;cc;cxx;def;odl;idl;hpj;bat;asm;asmx</Extensions>
    </Filter>
    <Filter Include="ヘッダー ファイル">
      <UniqueIdentifier>{93995380-89BD-4b04-88EB-625FBE52EBFB}</UniqueIdentifier>
      <Extensions>h;hh;hpp;hxx;hm;inl;inc;xsd</Extensions>
    </Filter>
    <Filter Include="リソース ファイル">
      <UniqueIdentifier>{67DA6AB6-F800-4c08-8B7A-83BB121AAD01}</UniqueIdentifier>
      <Extensions>rc;ico;cur;bmp;dlg;rc2;rct;bin;rgs;gif;jpg;jpeg;jpe;resx;tiff;tif;png;wav;mfcribbon-ms</Extensions>
    </Filter>
    <Filter Include="ヘッダー ファイル\PLAYER.H">
      <UniqueIdentifier>{8040d8b1-c427-4110-baca-cd9c04e2f56b}</UniqueIdentifier>
    </Filter>
    <Filter Include="ヘッダー ファイル\ENEMY.H">
      <UniqueIdentifier>{f621cb01-b44f-4def-b602-5fe17f2cb87c}</UniqueIdentifier>
    </Filter>
    <Filter Include="ヘッダー ファイル\GMMICK.H">
      <UniqueIdentifier>{f1af334b-8ebe-4346-8335-b9360bf90551}</UniqueIdentifier>
    </Filter>
    <Filter Include="ソース ファイル\PLAYER.CPP">
      <UniqueIdentifier>{b0dbf5dd-a86d-4ef4-a4ea-f51e446e44f3}</UniqueIdentifier>
    </Filter>
    <Filter Include="ソース ファイル\GIMMICK.CPP">
      <UniqueIdentifier>{fd00c0b6-97c3-4db3-ae3c-3847fb9127d1}</UniqueIdentifier>
    </Filter>
    <Filter Include="ソース ファイル\ENEMY.CPP">
      <UniqueIdentifier>{57ae8b48-89fc-4ce7-b2bd-7007479fb07f}</UniqueIdentifier>
    </Filter>
  </ItemGroup>
  <ItemGroup>
    <ClCompile Include="GameSceneDraw.cpp">
      <Filter>ソース ファイル</Filter>
    </ClCompile>
    <ClCompile Include="PlayerDraw.cpp">
      <Filter>ソース ファイル\PLAYER.CPP</Filter>
    </ClCompile>
    <ClCompile Include="PlayerControl.cpp">
      <Filter>ソース ファイル\PLAYER.CPP</Filter>
    </ClCompile>
    <ClCompile Include="Main.cpp">
      <Filter>ソース ファイル</Filter>
    </ClCompile>
    <ClCompile Include="EnemyDraw.cpp">
      <Filter>ソース ファイル\ENEMY.CPP</Filter>
    </ClCompile>
    <ClCompile Include="GameSceneControl.cpp">
      <Filter>ソース ファイル</Filter>
    </ClCompile>
    <ClCompile Include="EnemyControl.cpp">
      <Filter>ソース ファイル\ENEMY.CPP</Filter>
    </ClCompile>
    <ClCompile Include="Flame_Gmmick.cpp">
      <Filter>ソース ファイル\GIMMICK.CPP</Filter>
    </ClCompile>
    <ClCompile Include="Ice_Gmmick.cpp">
      <Filter>ソース ファイル\GIMMICK.CPP</Filter>
    </ClCompile>
    <ClCompile Include="Wind_Gmmick.cpp">
      <Filter>ソース ファイル\GIMMICK.CPP</Filter>
    </ClCompile>
  </ItemGroup>
  <ItemGroup>
    <ClInclude Include="GameSceneDraw.h">
      <Filter>ヘッダー ファイル</Filter>
    </ClInclude>
    <ClInclude Include="PlayerDraw.h">
      <Filter>ヘッダー ファイル\PLAYER.H</Filter>
    </ClInclude>
    <ClInclude Include="PlayerControl.h">
      <Filter>ヘッダー ファイル\PLAYER.H</Filter>
    </ClInclude>
    <ClInclude Include="EnemyControl.h">
      <Filter>ヘッダー ファイル\ENEMY.H</Filter>
    </ClInclude>
    <ClInclude Include="EnemyDraw.h">
      <Filter>ヘッダー ファイル\ENEMY.H</Filter>
    </ClInclude>
    <ClInclude Include="GameSceneControl.h">
      <Filter>ヘッダー ファイル</Filter>
    </ClInclude>
    <ClInclude Include="Flame_Gmmick.h">
      <Filter>ヘッダー ファイル\GMMICK.H</Filter>
    </ClInclude>
    <ClInclude Include="Ice_Gmmick.h">
      <Filter>ヘッダー ファイル\GMMICK.H</Filter>
    </ClInclude>
    <ClInclude Include="Wind_Gmmick.h">
      <Filter>ヘッダー ファイル\GMMICK.H</Filter>
    </ClInclude>
  </ItemGroup>
</Project>