
Microsoft Visual Studio Solution File, Format Version 12.00
# Visual Studio 2013
VisualStudioVersion = 12.0.40629.0
MinimumVisualStudioVersion = 10.0.40219.1
Project("{8BC9CEB8-8B4A-11D0-8D11-00A0C91BC942}") = "Gameproject0704", "Gameproject0704\Gameproject0704.vcxproj", "{2938D77A-5AAA-401D-908F-8B79D82301D0}"
EndProject
Project("{8BC9CEB8-8B4A-11D0-8D11-00A0C91BC942}") = "lib_ prototype", "lib_ prototype\lib_ prototype.vcxproj", "{A8AE6F2E-60D7-422E-B789-48177E1CBDF9}"
EndProject
Global
	GlobalSection(SolutionConfigurationPlatforms) = preSolution
		Debug|Win32 = Debug|Win32
		Release|Win32 = Release|Win32
	EndGlobalSection
	GlobalSection(ProjectConfigurationPlatforms) = postSolution
		{2938D77A-5AAA-401D-908F-8B79D82301D0}.Debug|Win32.ActiveCfg = Debug|Win32
		{2938D77A-5AAA-401D-908F-8B79D82301D0}.Debug|Win32.Build.0 = Debug|Win32
		{2938D77A-5AAA-401D-908F-8B79D82301D0}.Release|Win32.ActiveCfg = Release|Win32
		{2938D77A-5AAA-401D-908F-8B79D82301D0}.Release|Win32.Build.0 = Release|Win32
		{A8AE6F2E-60D7-422E-B789-48177E1CBDF9}.Debug|Win32.ActiveCfg = Debug|Win32
		{A8AE6F2E-60D7-422E-B789-48177E1CBDF9}.Debug|Win32.Build.0 = Debug|Win32
		{A8AE6F2E-60D7-422E-B789-48177E1CBDF9}.Release|Win32.ActiveCfg = Release|Win32
		{A8AE6F2E-60D7-422E-B789-48177E1CBDF9}.Release|Win32.Build.0 = Release|Win32
	EndGlobalSection
	GlobalSection(SolutionProperties) = preSolution
		HideSolutionNode = FALSE
	EndGlobalSection
EndGlobal
